<?xml version="1.0" encoding="utf-8"?>
<Project ToolsVersion="4.0" xmlns="http://schemas.microsoft.com/developer/msbuild/2003">
  <ItemGroup>
    <Filter Include="Source Files">
      <UniqueIdentifier>{4FC737F1-C7A5-4376-A066-2A32D752A2FF}</UniqueIdentifier>
      <Extensions>cpp;c;cc;cxx;c++;cppm;ixx;def;odl;idl;hpj;bat;asm;asmx</Extensions>
    </Filter>
    <Filter Include="Header Files">
      <UniqueIdentifier>{93995380-89BD-4b04-88EB-625FBE52EBFB}</UniqueIdentifier>
      <Extensions>h;hh;hpp;hxx;h++;hm;inl;inc;ipp;xsd</Extensions>
    </Filter>
    <Filter Include="Resource Files">
      <UniqueIdentifier>{67DA6AB6-F800-4c08-8B7A-83BB121AAD01}</UniqueIdentifier>
      <Extensions>rc;ico;cur;bmp;dlg;rc2;rct;bin;rgs;gif;jpg;jpeg;jpe;resx;tiff;tif;png;wav;mfcribbon-ms</Extensions>
    </Filter>
    <Filter Include="SDK">
      <UniqueIdentifier>{1653685b-752a-495e-a896-be8e81581f71}</UniqueIdentifier>
    </Filter>
  </ItemGroup>
  <ItemGroup>
    <ClCompile Include="ExternalESP.cpp">
      <Filter>Source Files</Filter>
    </ClCompile>
    <ClCompile Include="memory.cpp">
      <Filter>Source Files</Filter>
    </ClCompile>
    <ClCompile Include="overlay.cpp">
      <Filter>Source Files</Filter>
    </ClCompile>
    <ClCompile Include="..\..\..\..\Downloads\SDK-20250213T211402Z-001\SDK\Basic.cpp">
      <Filter>SDK</Filter>
    </ClCompile>
  </ItemGroup>
  <ItemGroup>
    <ClInclude Include="memory.h">
      <Filter>Header Files</Filter>
    </ClInclude>
    <ClInclude Include="overlay.h">
      <Filter>Header Files</Filter>
    </ClInclude>
    <ClInclude Include="vector.h">
      <Filter>Header Files</Filter>
    </ClInclude>
    <ClInclude Include="d3d_helpers.h">
      <Filter>Header Files</Filter>
    </ClInclude>
    <ClInclude Include="game.h">
      <Filter>Header Files</Filter>
    </ClInclude>
    <ClInclude Include="..\..\..\..\Downloads\SDK-20250213T211402Z-001\SDK\Engine_classes.hpp">
      <Filter>SDK</Filter>
    </ClInclude>
    <ClInclude Include="..\..\..\..\Downloads\SDK-20250213T211402Z-001\SDK\Engine_structs.hpp">
      <Filter>SDK</Filter>
    </ClInclude>
    <ClInclude Include="..\..\..\..\Downloads\SDK-20250213T211402Z-001\SDK\CoreUObject_classes.hpp">
      <Filter>SDK</Filter>
    </ClInclude>
    <ClInclude Include="..\..\..\..\Downloads\SDK-20250213T211402Z-001\SDK\CoreUObject_structs.hpp">
      <Filter>SDK</Filter>
    </ClInclude>
    <ClInclude Include="..\..\..\..\Downloads\SDK-20250213T211402Z-001\SDK\GameMode_structs.hpp">
      <Filter>SDK</Filter>
    </ClInclude>
    <ClInclude Include="..\..\..\..\Downloads\SDK-20250213T211402Z-001\SDK\Bodycam_Interface_classes.hpp">
      <Filter>SDK</Filter>
    </ClInclude>
    <ClInclude Include="..\..\..\..\Downloads\SDK-20250213T211402Z-001\SDK\GM_Bodycam_classes.hpp">
      <Filter>SDK</Filter>
    </ClInclude>
    <ClInclude Include="SDK.hpp">
      <Filter>Header Files</Filter>
    </ClInclude>
    <ClInclude Include="PropertyFixup.hpp">
      <Filter>SDK</Filter>
    </ClInclude>
    <ClInclude Include="..\..\..\..\Downloads\Basic.hpp">
      <Filter>SDK</Filter>
    </ClInclude>
    <ClInclude Include="..\..\..\..\Downloads\PropertyFixup.hpp">
      <Filter>SDK</Filter>
    </ClInclude>
    <ClInclude Include="..\..\..\..\Downloads\UnrealContainers.hpp">
      <Filter>SDK</Filter>
    </ClInclude>
  </ItemGroup>
</Project>